
Microsoft Visual Studio Solution File, Format Version 12.00
# Visual Studio Version 17
VisualStudioVersion = 17.7.34221.43
MinimumVisualStudioVersion = 10.0.40219.1
Project("{9A19103F-16F7-4668-BE54-9A1E7A4F7556}") = "Karluna.API", "ServerPlayground\Karluna.API.csproj", "{F26E7F15-1A01-4170-9D42-C29D50736393}"
	ProjectSection(ProjectDependencies) = postProject
		{52E04CC0-3A11-40E5-9A57-6849D36EBE8F} = {52E04CC0-3A11-40E5-9A57-6849D36EBE8F}
	EndProjectSection
EndProject
Project("{9A19103F-16F7-4668-BE54-9A1E7A4F7556}") = "Karluna.Business", "ServerPlayground.Business\Karluna.Business.csproj", "{5308C105-1D01-4010-BEC6-CF8358535B08}"
EndProject
Project("{9A19103F-16F7-4668-BE54-9A1E7A4F7556}") = "Karluna.Entities", "ServerPlayGround.Entities\Karluna.Entities.csproj", "{52E04CC0-3A11-40E5-9A57-6849D36EBE8F}"
EndProject
Project("{9A19103F-16F7-4668-BE54-9A1E7A4F7556}") = "Karluna.Test", "ServerPlayground.Test\Karluna.Test.csproj", "{67DC9C9F-BA2D-4970-9EC1-03B4F44675AF}"
EndProject
Project("{9A19103F-16F7-4668-BE54-9A1E7A4F7556}") = "Karluna.Data", "Karluna.Data\Karluna.Data.csproj", "{76DE3330-04CD-4C37-94DF-F91D789D53A3}"
EndProject
Project("{9A19103F-16F7-4668-BE54-9A1E7A4F7556}") = "Karluna.DAL", "Karluna.DAL\Karluna.DAL.csproj", "{C92162B7-7E91-4FAC-BB33-6A347C427A65}"
EndProject
Project("{2150E333-8FDC-42A3-9474-1A3956D46DE8}") = "SolutionItems", "SolutionItems", "{E5A4710E-DB81-4E19-824D-E6D00E03A824}"
	ProjectSection(SolutionItems) = preProject
		MigrationCommands.txt = MigrationCommands.txt
	EndProjectSection
EndProject
Global
	GlobalSection(SolutionConfigurationPlatforms) = preSolution
		Debug|Any CPU = Debug|Any CPU
		Debug|ARM = Debug|ARM
		Debug|ARM64 = Debug|ARM64
		Debug|x64 = Debug|x64
		Debug|x86 = Debug|x86
		Release|Any CPU = Release|Any CPU
		Release|ARM = Release|ARM
		Release|ARM64 = Release|ARM64
		Release|x64 = Release|x64
		Release|x86 = Release|x86
	EndGlobalSection
	GlobalSection(ProjectConfigurationPlatforms) = postSolution
		{F26E7F15-1A01-4170-9D42-C29D50736393}.Debug|Any CPU.ActiveCfg = Debug|Any CPU
		{F26E7F15-1A01-4170-9D42-C29D50736393}.Debug|Any CPU.Build.0 = Debug|Any CPU
		{F26E7F15-1A01-4170-9D42-C29D50736393}.Debug|ARM.ActiveCfg = Debug|Any CPU
		{F26E7F15-1A01-4170-9D42-C29D50736393}.Debug|ARM.Build.0 = Debug|Any CPU
		{F26E7F15-1A01-4170-9D42-C29D50736393}.Debug|ARM64.ActiveCfg = Debug|Any CPU
		{F26E7F15-1A01-4170-9D42-C29D50736393}.Debug|ARM64.Build.0 = Debug|Any CPU
		{F26E7F15-1A01-4170-9D42-C29D50736393}.Debug|x64.ActiveCfg = Debug|Any CPU
		{F26E7F15-1A01-4170-9D42-C29D50736393}.Debug|x64.Build.0 = Debug|Any CPU
		{F26E7F15-1A01-4170-9D42-C29D50736393}.Debug|x86.ActiveCfg = Debug|Any CPU
		{F26E7F15-1A01-4170-9D42-C29D50736393}.Debug|x86.Build.0 = Debug|Any CPU
		{F26E7F15-1A01-4170-9D42-C29D50736393}.Release|Any CPU.ActiveCfg = Release|Any CPU
		{F26E7F15-1A01-4170-9D42-C29D50736393}.Release|Any CPU.Build.0 = Release|Any CPU
		{F26E7F15-1A01-4170-9D42-C29D50736393}.Release|ARM.ActiveCfg = Release|Any CPU
		{F26E7F15-1A01-4170-9D42-C29D50736393}.Release|ARM.Build.0 = Release|Any CPU
		{F26E7F15-1A01-4170-9D42-C29D50736393}.Release|ARM64.ActiveCfg = Release|Any CPU
		{F26E7F15-1A01-4170-9D42-C29D50736393}.Release|ARM64.Build.0 = Release|Any CPU
		{F26E7F15-1A01-4170-9D42-C29D50736393}.Release|x64.ActiveCfg = Release|Any CPU
		{F26E7F15-1A01-4170-9D42-C29D50736393}.Release|x64.Build.0 = Release|Any CPU
		{F26E7F15-1A01-4170-9D42-C29D50736393}.Release|x86.ActiveCfg = Release|Any CPU
		{F26E7F15-1A01-4170-9D42-C29D50736393}.Release|x86.Build.0 = Release|Any CPU
		{5308C105-1D01-4010-BEC6-CF8358535B08}.Debug|Any CPU.ActiveCfg = Debug|Any CPU
		{5308C105-1D01-4010-BEC6-CF8358535B08}.Debug|Any CPU.Build.0 = Debug|Any CPU
		{5308C105-1D01-4010-BEC6-CF8358535B08}.Debug|ARM.ActiveCfg = Debug|Any CPU
		{5308C105-1D01-4010-BEC6-CF8358535B08}.Debug|ARM.Build.0 = Debug|Any CPU
		{5308C105-1D01-4010-BEC6-CF8358535B08}.Debug|ARM64.ActiveCfg = Debug|Any CPU
		{5308C105-1D01-4010-BEC6-CF8358535B08}.Debug|ARM64.Build.0 = Debug|Any CPU
		{5308C105-1D01-4010-BEC6-CF8358535B08}.Debug|x64.ActiveCfg = Debug|Any CPU
		{5308C105-1D01-4010-BEC6-CF8358535B08}.Debug|x64.Build.0 = Debug|Any CPU
		{5308C105-1D01-4010-BEC6-CF8358535B08}.Debug|x86.ActiveCfg = Debug|Any CPU
		{5308C105-1D01-4010-BEC6-CF8358535B08}.Debug|x86.Build.0 = Debug|Any CPU
		{5308C105-1D01-4010-BEC6-CF8358535B08}.Release|Any CPU.ActiveCfg = Release|Any CPU
		{5308C105-1D01-4010-BEC6-CF8358535B08}.Release|Any CPU.Build.0 = Release|Any CPU
		{5308C105-1D01-4010-BEC6-CF8358535B08}.Release|ARM.ActiveCfg = Release|Any CPU
		{5308C105-1D01-4010-BEC6-CF8358535B08}.Release|ARM.Build.0 = Release|Any CPU
		{5308C105-1D01-4010-BEC6-CF8358535B08}.Release|ARM64.ActiveCfg = Release|Any CPU
		{5308C105-1D01-4010-BEC6-CF8358535B08}.Release|ARM64.Build.0 = Release|Any CPU
		{5308C105-1D01-4010-BEC6-CF8358535B08}.Release|x64.ActiveCfg = Release|Any CPU
		{5308C105-1D01-4010-BEC6-CF8358535B08}.Release|x64.Build.0 = Release|Any CPU
		{5308C105-1D01-4010-BEC6-CF8358535B08}.Release|x86.ActiveCfg = Release|Any CPU
		{5308C105-1D01-4010-BEC6-CF8358535B08}.Release|x86.Build.0 = Release|Any CPU
		{52E04CC0-3A11-40E5-9A57-6849D36EBE8F}.Debug|Any CPU.ActiveCfg = Debug|Any CPU
		{52E04CC0-3A11-40E5-9A57-6849D36EBE8F}.Debug|Any CPU.Build.0 = Debug|Any CPU
		{52E04CC0-3A11-40E5-9A57-6849D36EBE8F}.Debug|ARM.ActiveCfg = Debug|Any CPU
		{52E04CC0-3A11-40E5-9A57-6849D36EBE8F}.Debug|ARM.Build.0 = Debug|Any CPU
		{52E04CC0-3A11-40E5-9A57-6849D36EBE8F}.Debug|ARM64.ActiveCfg = Debug|Any CPU
		{52E04CC0-3A11-40E5-9A57-6849D36EBE8F}.Debug|ARM64.Build.0 = Debug|Any CPU
		{52E04CC0-3A11-40E5-9A57-6849D36EBE8F}.Debug|x64.ActiveCfg = Debug|Any CPU
		{52E04CC0-3A11-40E5-9A57-6849D36EBE8F}.Debug|x64.Build.0 = Debug|Any CPU
		{52E04CC0-3A11-40E5-9A57-6849D36EBE8F}.Debug|x86.ActiveCfg = Debug|Any CPU
		{52E04CC0-3A11-40E5-9A57-6849D36EBE8F}.Debug|x86.Build.0 = Debug|Any CPU
		{52E04CC0-3A11-40E5-9A57-6849D36EBE8F}.Release|Any CPU.ActiveCfg = Release|Any CPU
		{52E04CC0-3A11-40E5-9A57-6849D36EBE8F}.Release|Any CPU.Build.0 = Release|Any CPU
		{52E04CC0-3A11-40E5-9A57-6849D36EBE8F}.Release|ARM.ActiveCfg = Release|Any CPU
		{52E04CC0-3A11-40E5-9A57-6849D36EBE8F}.Release|ARM.Build.0 = Release|Any CPU
		{52E04CC0-3A11-40E5-9A57-6849D36EBE8F}.Release|ARM64.ActiveCfg = Release|Any CPU
		{52E04CC0-3A11-40E5-9A57-6849D36EBE8F}.Release|ARM64.Build.0 = Release|Any CPU
		{52E04CC0-3A11-40E5-9A57-6849D36EBE8F}.Release|x64.ActiveCfg = Release|Any CPU
		{52E04CC0-3A11-40E5-9A57-6849D36EBE8F}.Release|x64.Build.0 = Release|Any CPU
		{52E04CC0-3A11-40E5-9A57-6849D36EBE8F}.Release|x86.ActiveCfg = Release|Any CPU
		{52E04CC0-3A11-40E5-9A57-6849D36EBE8F}.Release|x86.Build.0 = Release|Any CPU
		{67DC9C9F-BA2D-4970-9EC1-03B4F44675AF}.Debug|Any CPU.ActiveCfg = Debug|Any CPU
		{67DC9C9F-BA2D-4970-9EC1-03B4F44675AF}.Debug|Any CPU.Build.0 = Debug|Any CPU
		{67DC9C9F-BA2D-4970-9EC1-03B4F44675AF}.Debug|ARM.ActiveCfg = Debug|Any CPU
		{67DC9C9F-BA2D-4970-9EC1-03B4F44675AF}.Debug|ARM.Build.0 = Debug|Any CPU
		{67DC9C9F-BA2D-4970-9EC1-03B4F44675AF}.Debug|ARM64.ActiveCfg = Debug|Any CPU
		{67DC9C9F-BA2D-4970-9EC1-03B4F44675AF}.Debug|ARM64.Build.0 = Debug|Any CPU
		{67DC9C9F-BA2D-4970-9EC1-03B4F44675AF}.Debug|x64.ActiveCfg = Debug|Any CPU
		{67DC9C9F-BA2D-4970-9EC1-03B4F44675AF}.Debug|x64.Build.0 = Debug|Any CPU
		{67DC9C9F-BA2D-4970-9EC1-03B4F44675AF}.Debug|x86.ActiveCfg = Debug|Any CPU
		{67DC9C9F-BA2D-4970-9EC1-03B4F44675AF}.Debug|x86.Build.0 = Debug|Any CPU
		{67DC9C9F-BA2D-4970-9EC1-03B4F44675AF}.Release|Any CPU.ActiveCfg = Release|Any CPU
		{67DC9C9F-BA2D-4970-9EC1-03B4F44675AF}.Release|Any CPU.Build.0 = Release|Any CPU
		{67DC9C9F-BA2D-4970-9EC1-03B4F44675AF}.Release|ARM.ActiveCfg = Release|Any CPU
		{67DC9C9F-BA2D-4970-9EC1-03B4F44675AF}.Release|ARM.Build.0 = Release|Any CPU
		{67DC9C9F-BA2D-4970-9EC1-03B4F44675AF}.Release|ARM64.ActiveCfg = Release|Any CPU
		{67DC9C9F-BA2D-4970-9EC1-03B4F44675AF}.Release|ARM64.Build.0 = Release|Any CPU
		{67DC9C9F-BA2D-4970-9EC1-03B4F44675AF}.Release|x64.ActiveCfg = Release|Any CPU
		{67DC9C9F-BA2D-4970-9EC1-03B4F44675AF}.Release|x64.Build.0 = Release|Any CPU
		{67DC9C9F-BA2D-4970-9EC1-03B4F44675AF}.Release|x86.ActiveCfg = Release|Any CPU
		{67DC9C9F-BA2D-4970-9EC1-03B4F44675AF}.Release|x86.Build.0 = Release|Any CPU
		{76DE3330-04CD-4C37-94DF-F91D789D53A3}.Debug|Any CPU.ActiveCfg = Debug|Any CPU
		{76DE3330-04CD-4C37-94DF-F91D789D53A3}.Debug|Any CPU.Build.0 = Debug|Any CPU
		{76DE3330-04CD-4C37-94DF-F91D789D53A3}.Debug|ARM.ActiveCfg = Debug|Any CPU
		{76DE3330-04CD-4C37-94DF-F91D789D53A3}.Debug|ARM.Build.0 = Debug|Any CPU
		{76DE3330-04CD-4C37-94DF-F91D789D53A3}.Debug|ARM64.ActiveCfg = Debug|Any CPU
		{76DE3330-04CD-4C37-94DF-F91D789D53A3}.Debug|ARM64.Build.0 = Debug|Any CPU
		{76DE3330-04CD-4C37-94DF-F91D789D53A3}.Debug|x64.ActiveCfg = Debug|Any CPU
		{76DE3330-04CD-4C37-94DF-F91D789D53A3}.Debug|x64.Build.0 = Debug|Any CPU
		{76DE3330-04CD-4C37-94DF-F91D789D53A3}.Debug|x86.ActiveCfg = Debug|Any CPU
		{76DE3330-04CD-4C37-94DF-F91D789D53A3}.Debug|x86.Build.0 = Debug|Any CPU
		{76DE3330-04CD-4C37-94DF-F91D789D53A3}.Release|Any CPU.ActiveCfg = Release|Any CPU
		{76DE3330-04CD-4C37-94DF-F91D789D53A3}.Release|Any CPU.Build.0 = Release|Any CPU
		{76DE3330-04CD-4C37-94DF-F91D789D53A3}.Release|ARM.ActiveCfg = Release|Any CPU
		{76DE3330-04CD-4C37-94DF-F91D789D53A3}.Release|ARM.Build.0 = Release|Any CPU
		{76DE3330-04CD-4C37-94DF-F91D789D53A3}.Release|ARM64.ActiveCfg = Release|Any CPU
		{76DE3330-04CD-4C37-94DF-F91D789D53A3}.Release|ARM64.Build.0 = Release|Any CPU
		{76DE3330-04CD-4C37-94DF-F91D789D53A3}.Release|x64.ActiveCfg = Release|Any CPU
		{76DE3330-04CD-4C37-94DF-F91D789D53A3}.Release|x64.Build.0 = Release|Any CPU
		{76DE3330-04CD-4C37-94DF-F91D789D53A3}.Release|x86.ActiveCfg = Release|Any CPU
		{76DE3330-04CD-4C37-94DF-F91D789D53A3}.Release|x86.Build.0 = Release|Any CPU
		{C92162B7-7E91-4FAC-BB33-6A347C427A65}.Debug|Any CPU.ActiveCfg = Debug|Any CPU
		{C92162B7-7E91-4FAC-BB33-6A347C427A65}.Debug|Any CPU.Build.0 = Debug|Any CPU
		{C92162B7-7E91-4FAC-BB33-6A347C427A65}.Debug|ARM.ActiveCfg = Debug|Any CPU
		{C92162B7-7E91-4FAC-BB33-6A347C427A65}.Debug|ARM.Build.0 = Debug|Any CPU
		{C92162B7-7E91-4FAC-BB33-6A347C427A65}.Debug|ARM64.ActiveCfg = Debug|Any CPU
		{C92162B7-7E91-4FAC-BB33-6A347C427A65}.Debug|ARM64.Build.0 = Debug|Any CPU
		{C92162B7-7E91-4FAC-BB33-6A347C427A65}.Debug|x64.ActiveCfg = Debug|Any CPU
		{C92162B7-7E91-4FAC-BB33-6A347C427A65}.Debug|x64.Build.0 = Debug|Any CPU
		{C92162B7-7E91-4FAC-BB33-6A347C427A65}.Debug|x86.ActiveCfg = Debug|Any CPU
		{C92162B7-7E91-4FAC-BB33-6A347C427A65}.Debug|x86.Build.0 = Debug|Any CPU
		{C92162B7-7E91-4FAC-BB33-6A347C427A65}.Release|Any CPU.ActiveCfg = Release|Any CPU
		{C92162B7-7E91-4FAC-BB33-6A347C427A65}.Release|Any CPU.Build.0 = Release|Any CPU
		{C92162B7-7E91-4FAC-BB33-6A347C427A65}.Release|ARM.ActiveCfg = Release|Any CPU
		{C92162B7-7E91-4FAC-BB33-6A347C427A65}.Release|ARM.Build.0 = Release|Any CPU
		{C92162B7-7E91-4FAC-BB33-6A347C427A65}.Release|ARM64.ActiveCfg = Release|Any CPU
		{C92162B7-7E91-4FAC-BB33-6A347C427A65}.Release|ARM64.Build.0 = Release|Any CPU
		{C92162B7-7E91-4FAC-BB33-6A347C427A65}.Release|x64.ActiveCfg = Release|Any CPU
		{C92162B7-7E91-4FAC-BB33-6A347C427A65}.Release|x64.Build.0 = Release|Any CPU
		{C92162B7-7E91-4FAC-BB33-6A347C427A65}.Release|x86.ActiveCfg = Release|Any CPU
		{C92162B7-7E91-4FAC-BB33-6A347C427A65}.Release|x86.Build.0 = Release|Any CPU
	EndGlobalSection
	GlobalSection(SolutionProperties) = preSolution
		HideSolutionNode = FALSE
	EndGlobalSection
	GlobalSection(ExtensibilityGlobals) = postSolution
		SolutionGuid = {126D305F-363A-48DC-9DDB-C70FAEEA497A}
	EndGlobalSection
EndGlobal
